// !$*UTF8*$!
{
	archiveVersion = 1;
	classes = {
	};
	objectVersion = 50;
	objects = {

/* Begin PBXBuildFile section */
		530A69D920CA3AAB00CD7991 /* AppDelegate.swift in Sources */ = {isa = PBXBuildFile; fileRef = 530A69D820CA3AAB00CD7991 /* AppDelegate.swift */; };
		530A69DB20CA3AAB00CD7991 /* ViewController.swift in Sources */ = {isa = PBXBuildFile; fileRef = 530A69DA20CA3AAB00CD7991 /* ViewController.swift */; };
		530A69DE20CA3AAB00CD7991 /* Main.storyboard in Resources */ = {isa = PBXBuildFile; fileRef = 530A69DC20CA3AAB00CD7991 /* Main.storyboard */; };
		530A69E020CA3AB100CD7991 /* Assets.xcassets in Resources */ = {isa = PBXBuildFile; fileRef = 530A69DF20CA3AB100CD7991 /* Assets.xcassets */; };
		530A69E320CA3AB100CD7991 /* LaunchScreen.storyboard in Resources */ = {isa = PBXBuildFile; fileRef = 530A69E120CA3AB100CD7991 /* LaunchScreen.storyboard */; };
		530A69EE20CA3AB100CD7991 /* PasswordHackerTests.swift in Sources */ = {isa = PBXBuildFile; fileRef = 530A69ED20CA3AB100CD7991 /* PasswordHackerTests.swift */; };
		530A69F920CA3AB100CD7991 /* PasswordHackerUITests.swift in Sources */ = {isa = PBXBuildFile; fileRef = 530A69F820CA3AB100CD7991 /* PasswordHackerUITests.swift */; };
/* End PBXBuildFile section */

/* Begin PBXContainerItemProxy section */
		530A69EA20CA3AB100CD7991 /* PBXContainerItemProxy */ = {
			isa = PBXContainerItemProxy;
			containerPortal = 530A69CD20CA3AAA00CD7991 /* Project object */;
			proxyType = 1;
			remoteGlobalIDString = 530A69D420CA3AAA00CD7991;
			remoteInfo = PasswordHacker;
		};
		530A69F520CA3AB100CD7991 /* PBXContainerItemProxy */ = {
			isa = PBXContainerItemProxy;
			containerPortal = 530A69CD20CA3AAA00CD7991 /* Project object */;
			proxyType = 1;
			remoteGlobalIDString = 530A69D420CA3AAA00CD7991;
			remoteInfo = PasswordHacker;
		};
/* End PBXContainerItemProxy section */

/* Begin PBXFileReference section */
		530A69D520CA3AAB00CD7991 /* PasswordHacker.app */ = {isa = PBXFileReference; explicitFileType = wrapper.application; includeInIndex = 0; path = PasswordHacker.app; sourceTree = BUILT_PRODUCTS_DIR; };
		530A69D820CA3AAB00CD7991 /* AppDelegate.swift */ = {isa = PBXFileReference; lastKnownFileType = sourcecode.swift; path = AppDelegate.swift; sourceTree = "<group>"; };
		530A69DA20CA3AAB00CD7991 /* ViewController.swift */ = {isa = PBXFileReference; lastKnownFileType = sourcecode.swift; path = ViewController.swift; sourceTree = "<group>"; };
		530A69DD20CA3AAB00CD7991 /* Base */ = {isa = PBXFileReference; lastKnownFileType = file.storyboard; name = Base; path = Base.lproj/Main.storyboard; sourceTree = "<group>"; };
		530A69DF20CA3AB100CD7991 /* Assets.xcassets */ = {isa = PBXFileReference; lastKnownFileType = folder.assetcatalog; path = Assets.xcassets; sourceTree = "<group>"; };
		530A69E220CA3AB100CD7991 /* Base */ = {isa = PBXFileReference; lastKnownFileType = file.storyboard; name = Base; path = Base.lproj/LaunchScreen.storyboard; sourceTree = "<group>"; };
		530A69E420CA3AB100CD7991 /* Info.plist */ = {isa = PBXFileReference; lastKnownFileType = text.plist.xml; path = Info.plist; sourceTree = "<group>"; };
		530A69E920CA3AB100CD7991 /* PasswordHackerTests.xctest */ = {isa = PBXFileReference; explicitFileType = wrapper.cfbundle; includeInIndex = 0; path = PasswordHackerTests.xctest; sourceTree = BUILT_PRODUCTS_DIR; };
		530A69ED20CA3AB100CD7991 /* PasswordHackerTests.swift */ = {isa = PBXFileReference; lastKnownFileType = sourcecode.swift; path = PasswordHackerTests.swift; sourceTree = "<group>"; };
		530A69EF20CA3AB100CD7991 /* Info.plist */ = {isa = PBXFileReference; lastKnownFileType = text.plist.xml; path = Info.plist; sourceTree = "<group>"; };
		530A69F420CA3AB100CD7991 /* PasswordHackerUITests.xctest */ = {isa = PBXFileReference; explicitFileType = wrapper.cfbundle; includeInIndex = 0; path = PasswordHackerUITests.xctest; sourceTree = BUILT_PRODUCTS_DIR; };
		530A69F820CA3AB100CD7991 /* PasswordHackerUITests.swift */ = {isa = PBXFileReference; lastKnownFileType = sourcecode.swift; path = PasswordHackerUITests.swift; sourceTree = "<group>"; };
		530A69FA20CA3AB100CD7991 /* Info.plist */ = {isa = PBXFileReference; lastKnownFileType = text.plist.xml; path = Info.plist; sourceTree = "<group>"; };
/* End PBXFileReference section */

/* Begin PBXFrameworksBuildPhase section */
		530A69D220CA3AAA00CD7991 /* Frameworks */ = {
			isa = PBXFrameworksBuildPhase;
			buildActionMask = 2147483647;
			files = (
			);
			runOnlyForDeploymentPostprocessing = 0;
		};
		530A69E620CA3AB100CD7991 /* Frameworks */ = {
			isa = PBXFrameworksBuildPhase;
			buildActionMask = 2147483647;
			files = (
			);
			runOnlyForDeploymentPostprocessing = 0;
		};
		530A69F120CA3AB100CD7991 /* Frameworks */ = {
			isa = PBXFrameworksBuildPhase;
			buildActionMask = 2147483647;
			files = (
			);
			runOnlyForDeploymentPostprocessing = 0;
		};
/* End PBXFrameworksBuildPhase section */

/* Begin PBXGroup section */
		530A69CC20CA3AAA00CD7991 = {
			isa = PBXGroup;
			children = (
				530A69D720CA3AAB00CD7991 /* PasswordHacker */,
				530A69EC20CA3AB100CD7991 /* PasswordHackerTests */,
				530A69F720CA3AB100CD7991 /* PasswordHackerUITests */,
				530A69D620CA3AAB00CD7991 /* Products */,
			);
			sourceTree = "<group>";
		};
		530A69D620CA3AAB00CD7991 /* Products */ = {
			isa = PBXGroup;
			children = (
				530A69D520CA3AAB00CD7991 /* PasswordHacker.app */,
				530A69E920CA3AB100CD7991 /* PasswordHackerTests.xctest */,
				530A69F420CA3AB100CD7991 /* PasswordHackerUITests.xctest */,
			);
			name = Products;
			sourceTree = "<group>";
		};
		530A69D720CA3AAB00CD7991 /* PasswordHacker */ = {
			isa = PBXGroup;
			children = (
				530A69D820CA3AAB00CD7991 /* AppDelegate.swift */,
				530A69DA20CA3AAB00CD7991 /* ViewController.swift */,
				530A69DC20CA3AAB00CD7991 /* Main.storyboard */,
				530A69DF20CA3AB100CD7991 /* Assets.xcassets */,
				530A69E120CA3AB100CD7991 /* LaunchScreen.storyboard */,
				530A69E420CA3AB100CD7991 /* Info.plist */,
			);
			path = PasswordHacker;
			sourceTree = "<group>";
		};
		530A69EC20CA3AB100CD7991 /* PasswordHackerTests */ = {
			isa = PBXGroup;
			children = (
				530A69ED20CA3AB100CD7991 /* PasswordHackerTests.swift */,
				530A69EF20CA3AB100CD7991 /* Info.plist */,
			);
			path = PasswordHackerTests;
			sourceTree = "<group>";
		};
		530A69F720CA3AB100CD7991 /* PasswordHackerUITests */ = {
			isa = PBXGroup;
			children = (
				530A69F820CA3AB100CD7991 /* PasswordHackerUITests.swift */,
				530A69FA20CA3AB100CD7991 /* Info.plist */,
			);
			path = PasswordHackerUITests;
			sourceTree = "<group>";
		};
/* End PBXGroup section */

/* Begin PBXNativeTarget section */
		530A69D420CA3AAA00CD7991 /* PasswordHacker */ = {
			isa = PBXNativeTarget;
			buildConfigurationList = 530A69FD20CA3AB100CD7991 /* Build configuration list for PBXNativeTarget "PasswordHacker" */;
			buildPhases = (
				530A69D120CA3AAA00CD7991 /* Sources */,
				530A69D220CA3AAA00CD7991 /* Frameworks */,
				530A69D320CA3AAA00CD7991 /* Resources */,
			);
			buildRules = (
			);
			dependencies = (
			);
			name = PasswordHacker;
			productName = PasswordHacker;
			productReference = 530A69D520CA3AAB00CD7991 /* PasswordHacker.app */;
			productType = "com.apple.product-type.application";
		};
		530A69E820CA3AB100CD7991 /* PasswordHackerTests */ = {
			isa = PBXNativeTarget;
			buildConfigurationList = 530A6A0020CA3AB100CD7991 /* Build configuration list for PBXNativeTarget "PasswordHackerTests" */;
			buildPhases = (
				530A69E520CA3AB100CD7991 /* Sources */,
				530A69E620CA3AB100CD7991 /* Frameworks */,
				530A69E720CA3AB100CD7991 /* Resources */,
			);
			buildRules = (
			);
			dependencies = (
				530A69EB20CA3AB100CD7991 /* PBXTargetDependency */,
			);
			name = PasswordHackerTests;
			productName = PasswordHackerTests;
			productReference = 530A69E920CA3AB100CD7991 /* PasswordHackerTests.xctest */;
			productType = "com.apple.product-type.bundle.unit-test";
		};
		530A69F320CA3AB100CD7991 /* PasswordHackerUITests */ = {
			isa = PBXNativeTarget;
			buildConfigurationList = 530A6A0320CA3AB100CD7991 /* Build configuration list for PBXNativeTarget "PasswordHackerUITests" */;
			buildPhases = (
				530A69F020CA3AB100CD7991 /* Sources */,
				530A69F120CA3AB100CD7991 /* Frameworks */,
				530A69F220CA3AB100CD7991 /* Resources */,
			);
			buildRules = (
			);
			dependencies = (
				530A69F620CA3AB100CD7991 /* PBXTargetDependency */,
			);
			name = PasswordHackerUITests;
			productName = PasswordHackerUITests;
			productReference = 530A69F420CA3AB100CD7991 /* PasswordHackerUITests.xctest */;
			productType = "com.apple.product-type.bundle.ui-testing";
		};
/* End PBXNativeTarget section */

/* Begin PBXProject section */
		530A69CD20CA3AAA00CD7991 /* Project object */ = {
			isa = PBXProject;
			attributes = {
				LastSwiftUpdateCheck = 0940;
				LastUpgradeCheck = 0940;
				ORGANIZATIONNAME = "中山弘瑛";
				TargetAttributes = {
					530A69D420CA3AAA00CD7991 = {
						CreatedOnToolsVersion = 9.4;
					};
					530A69E820CA3AB100CD7991 = {
						CreatedOnToolsVersion = 9.4;
						TestTargetID = 530A69D420CA3AAA00CD7991;
					};
					530A69F320CA3AB100CD7991 = {
						CreatedOnToolsVersion = 9.4;
						TestTargetID = 530A69D420CA3AAA00CD7991;
					};
				};
			};
			buildConfigurationList = 530A69D020CA3AAA00CD7991 /* Build configuration list for PBXProject "PasswordHacker" */;
			compatibilityVersion = "Xcode 9.3";
			developmentRegion = en;
			hasScannedForEncodings = 0;
			knownRegions = (
				en,
				Base,
			);
			mainGroup = 530A69CC20CA3AAA00CD7991;
			productRefGroup = 530A69D620CA3AAB00CD7991 /* Products */;
			projectDirPath = "";
			projectRoot = "";
			targets = (
				530A69D420CA3AAA00CD7991 /* PasswordHacker */,
				530A69E820CA3AB100CD7991 /* PasswordHackerTests */,
				530A69F320CA3AB100CD7991 /* PasswordHackerUITests */,
			);
		};
/* End PBXProject section */

/* Begin PBXResourcesBuildPhase section */
		530A69D320CA3AAA00CD7991 /* Resources */ = {
			isa = PBXResourcesBuildPhase;
			buildActionMask = 2147483647;
			files = (
				530A69E320CA3AB100CD7991 /* LaunchScreen.storyboard in Resources */,
				530A69E020CA3AB100CD7991 /* Assets.xcassets in Resources */,
				530A69DE20CA3AAB00CD7991 /* Main.storyboard in Resources */,
			);
			runOnlyForDeploymentPostprocessing = 0;
		};
		530A69E720CA3AB100CD7991 /* Resources */ = {
			isa = PBXResourcesBuildPhase;
			buildActionMask = 2147483647;
			files = (
			);
			runOnlyForDeploymentPostprocessing = 0;
		};
		530A69F220CA3AB100CD7991 /* Resources */ = {
			isa = PBXResourcesBuildPhase;
			buildActionMask = 2147483647;
			files = (
			);
			runOnlyForDeploymentPostprocessing = 0;
		};
/* End PBXResourcesBuildPhase section */

/* Begin PBXSourcesBuildPhase section */
		530A69D120CA3AAA00CD7991 /* Sources */ = {
			isa = PBXSourcesBuildPhase;
			buildActionMask = 2147483647;
			files = (
				530A69DB20CA3AAB00CD7991 /* ViewController.swift in Sources */,
				530A69D920CA3AAB00CD7991 /* AppDelegate.swift in Sources */,
			);
			runOnlyForDeploymentPostprocessing = 0;
		};
		530A69E520CA3AB100CD7991 /* Sources */ = {
			isa = PBXSourcesBuildPhase;
			buildActionMask = 2147483647;
			files = (
				530A69EE20CA3AB100CD7991 /* PasswordHackerTests.swift in Sources */,
			);
			runOnlyForDeploymentPostprocessing = 0;
		};
		530A69F020CA3AB100CD7991 /* Sources */ = {
			isa = PBXSourcesBuildPhase;
			buildActionMask = 2147483647;
			files = (
				530A69F920CA3AB100CD7991 /* PasswordHackerUITests.swift in Sources */,
			);
			runOnlyForDeploymentPostprocessing = 0;
		};
/* End PBXSourcesBuildPhase section */

/* Begin PBXTargetDependency section */
		530A69EB20CA3AB100CD7991 /* PBXTargetDependency */ = {
			isa = PBXTargetDependency;
			target = 530A69D420CA3AAA00CD7991 /* PasswordHacker */;
			targetProxy = 530A69EA20CA3AB100CD7991 /* PBXContainerItemProxy */;
		};
		530A69F620CA3AB100CD7991 /* PBXTargetDependency */ = {
			isa = PBXTargetDependency;
			target = 530A69D420CA3AAA00CD7991 /* PasswordHacker */;
			targetProxy = 530A69F520CA3AB100CD7991 /* PBXContainerItemProxy */;
		};
/* End PBXTargetDependency section */

/* Begin PBXVariantGroup section */
		530A69DC20CA3AAB00CD7991 /* Main.storyboard */ = {
			isa = PBXVariantGroup;
			children = (
				530A69DD20CA3AAB00CD7991 /* Base */,
			);
			name = Main.storyboard;
			sourceTree = "<group>";
		};
		530A69E120CA3AB100CD7991 /* LaunchScreen.storyboard */ = {
			isa = PBXVariantGroup;
			children = (
				530A69E220CA3AB100CD7991 /* Base */,
			);
			name = LaunchScreen.storyboard;
			sourceTree = "<group>";
		};
/* End PBXVariantGroup section */

/* Begin XCBuildConfiguration section */
		530A69FB20CA3AB100CD7991 /* Debug */ = {
			isa = XCBuildConfiguration;
			buildSettings = {
				ALWAYS_SEARCH_USER_PATHS = NO;
				CLANG_ANALYZER_NONNULL = YES;
				CLANG_ANALYZER_NUMBER_OBJECT_CONVERSION = YES_AGGRESSIVE;
				CLANG_CXX_LANGUAGE_STANDARD = "gnu++14";
				CLANG_CXX_LIBRARY = "libc++";
				CLANG_ENABLE_MODULES = YES;
				CLANG_ENABLE_OBJC_ARC = YES;
				CLANG_ENABLE_OBJC_WEAK = YES;
				CLANG_WARN_BLOCK_CAPTURE_AUTORELEASING = YES;
				CLANG_WARN_BOOL_CONVERSION = YES;
				CLANG_WARN_COMMA = YES;
				CLANG_WARN_CONSTANT_CONVERSION = YES;
				CLANG_WARN_DEPRECATED_OBJC_IMPLEMENTATIONS = YES;
				CLANG_WARN_DIRECT_OBJC_ISA_USAGE = YES_ERROR;
				CLANG_WARN_DOCUMENTATION_COMMENTS = YES;
				CLANG_WARN_EMPTY_BODY = YES;
				CLANG_WARN_ENUM_CONVERSION = YES;
				CLANG_WARN_INFINITE_RECURSION = YES;
				CLANG_WARN_INT_CONVERSION = YES;
				CLANG_WARN_NON_LITERAL_NULL_CONVERSION = YES;
				CLANG_WARN_OBJC_IMPLICIT_RETAIN_SELF = YES;
				CLANG_WARN_OBJC_LITERAL_CONVERSION = YES;
				CLANG_WARN_OBJC_ROOT_CLASS = YES_ERROR;
				CLANG_WARN_RANGE_LOOP_ANALYSIS = YES;
				CLANG_WARN_STRICT_PROTOTYPES = YES;
				CLANG_WARN_SUSPICIOUS_MOVE = YES;
				CLANG_WARN_UNGUARDED_AVAILABILITY = YES_AGGRESSIVE;
				CLANG_WARN_UNREACHABLE_CODE = YES;
				CLANG_WARN__DUPLICATE_METHOD_MATCH = YES;
				CODE_SIGN_IDENTITY = "iPhone Developer";
				COPY_PHASE_STRIP = NO;
				DEBUG_INFORMATION_FORMAT = dwarf;
				ENABLE_STRICT_OBJC_MSGSEND = YES;
				ENABLE_TESTABILITY = YES;
				GCC_C_LANGUAGE_STANDARD = gnu11;
				GCC_DYNAMIC_NO_PIC = NO;
				GCC_NO_COMMON_BLOCKS = YES;
				GCC_OPTIMIZATION_LEVEL = 0;
				GCC_PREPROCESSOR_DEFINITIONS = (
					"DEBUG=1",
					"$(inherited)",
				);
				GCC_WARN_64_TO_32_BIT_CONVERSION = YES;
				GCC_WARN_ABOUT_RETURN_TYPE = YES_ERROR;
				GCC_WARN_UNDECLARED_SELECTOR = YES;
				GCC_WARN_UNINITIALIZED_AUTOS = YES_AGGRESSIVE;
				GCC_WARN_UNUSED_FUNCTION = YES;
				GCC_WARN_UNUSED_VARIABLE = YES;
				IPHONEOS_DEPLOYMENT_TARGET = 11.4;
				MTL_ENABLE_DEBUG_INFO = YES;
				ONLY_ACTIVE_ARCH = YES;
				SDKROOT = iphoneos;
				SWIFT_ACTIVE_COMPILATION_CONDITIONS = DEBUG;
				SWIFT_OPTIMIZATION_LEVEL = "-Onone";
			};
			name = Debug;
		};
		530A69FC20CA3AB100CD7991 /* Release */ = {
			isa = XCBuildConfiguration;
			buildSettings = {
				ALWAYS_SEARCH_USER_PATHS = NO;
				CLANG_ANALYZER_NONNULL = YES;
				CLANG_ANALYZER_NUMBER_OBJECT_CONVERSION = YES_AGGRESSIVE;
				CLANG_CXX_LANGUAGE_STANDARD = "gnu++14";
				CLANG_CXX_LIBRARY = "libc++";
				CLANG_ENABLE_MODULES = YES;
				CLANG_ENABLE_OBJC_ARC = YES;
				CLANG_ENABLE_OBJC_WEAK = YES;
				CLANG_WARN_BLOCK_CAPTURE_AUTORELEASING = YES;
				CLANG_WARN_BOOL_CONVERSION = YES;
				CLANG_WARN_COMMA = YES;
				CLANG_WARN_CONSTANT_CONVERSION = YES;
				CLANG_WARN_DEPRECATED_OBJC_IMPLEMENTATIONS = YES;
				CLANG_WARN_DIRECT_OBJC_ISA_USAGE = YES_ERROR;
				CLANG_WARN_DOCUMENTATION_COMMENTS = YES;
				CLANG_WARN_EMPTY_BODY = YES;
				CLANG_WARN_ENUM_CONVERSION = YES;
				CLANG_WARN_INFINITE_RECURSION = YES;
				CLANG_WARN_INT_CONVERSION = YES;
				CLANG_WARN_NON_LITERAL_NULL_CONVERSION = YES;
				CLANG_WARN_OBJC_IMPLICIT_RETAIN_SELF = YES;
				CLANG_WARN_OBJC_LITERAL_CONVERSION = YES;
				CLANG_WARN_OBJC_ROOT_CLASS = YES_ERROR;
				CLANG_WARN_RANGE_LOOP_ANALYSIS = YES;
				CLANG_WARN_STRICT_PROTOTYPES = YES;
				CLANG_WARN_SUSPICIOUS_MOVE = YES;
				CLANG_WARN_UNGUARDED_AVAILABILITY = YES_AGGRESSIVE;
				CLANG_WARN_UNREACHABLE_CODE = YES;
				CLANG_WARN__DUPLICATE_METHOD_MATCH = YES;
				CODE_SIGN_IDENTITY = "iPhone Developer";
				COPY_PHASE_STRIP = NO;
				DEBUG_INFORMATION_FORMAT = "dwarf-with-dsym";
				ENABLE_NS_ASSERTIONS = NO;
				ENABLE_STRICT_OBJC_MSGSEND = YES;
				GCC_C_LANGUAGE_STANDARD = gnu11;
				GCC_NO_COMMON_BLOCKS = YES;
				GCC_WARN_64_TO_32_BIT_CONVERSION = YES;
				GCC_WARN_ABOUT_RETURN_TYPE = YES_ERROR;
				GCC_WARN_UNDECLARED_SELECTOR = YES;
				GCC_WARN_UNINITIALIZED_AUTOS = YES_AGGRESSIVE;
				GCC_WARN_UNUSED_FUNCTION = YES;
				GCC_WARN_UNUSED_VARIABLE = YES;
				IPHONEOS_DEPLOYMENT_TARGET = 11.4;
				MTL_ENABLE_DEBUG_INFO = NO;
				SDKROOT = iphoneos;
				SWIFT_COMPILATION_MODE = wholemodule;
				SWIFT_OPTIMIZATION_LEVEL = "-O";
				VALIDATE_PRODUCT = YES;
			};
			name = Release;
		};
		530A69FE20CA3AB100CD7991 /* Debug */ = {
			isa = XCBuildConfiguration;
			buildSettings = {
				ASSETCATALOG_COMPILER_APPICON_NAME = AppIcon;
				CODE_SIGN_STYLE = Automatic;
				INFOPLIST_FILE = PasswordHacker/Info.plist;
				LD_RUNPATH_SEARCH_PATHS = (
					"$(inherited)",
					"@executable_path/Frameworks",
				);
				PRODUCT_BUNDLE_IDENTIFIER = com.litech.PasswordHacker;
				PRODUCT_NAME = "$(TARGET_NAME)";
				SWIFT_VERSION = 4.0;
				TARGETED_DEVICE_FAMILY = "1,2";
			};
			name = Debug;
		};
		530A69FF20CA3AB100CD7991 /* Release */ = {
			isa = XCBuildConfiguration;
			buildSettings = {
				ASSETCATALOG_COMPILER_APPICON_NAME = AppIcon;
				CODE_SIGN_STYLE = Automatic;
				INFOPLIST_FILE = PasswordHacker/Info.plist;
				LD_RUNPATH_SEARCH_PATHS = (
					"$(inherited)",
					"@executable_path/Frameworks",
				);
				PRODUCT_BUNDLE_IDENTIFIER = com.litech.PasswordHacker;
				PRODUCT_NAME = "$(TARGET_NAME)";
				SWIFT_VERSION = 4.0;
				TARGETED_DEVICE_FAMILY = "1,2";
			};
			name = Release;
		};
		530A6A0120CA3AB100CD7991 /* Debug */ = {
			isa = XCBuildConfiguration;
			buildSettings = {
				ALWAYS_EMBED_SWIFT_STANDARD_LIBRARIES = YES;
				BUNDLE_LOADER = "$(TEST_HOST)";
				CODE_SIGN_STYLE = Automatic;
				INFOPLIST_FILE = PasswordHackerTests/Info.plist;
				LD_RUNPATH_SEARCH_PATHS = (
					"$(inherited)",
					"@executable_path/Frameworks",
					"@loader_path/Frameworks",
				);
				PRODUCT_BUNDLE_IDENTIFIER = com.litech.PasswordHackerTests;
				PRODUCT_NAME = "$(TARGET_NAME)";
				SWIFT_VERSION = 4.0;
				TARGETED_DEVICE_FAMILY = "1,2";
				TEST_HOST = "$(BUILT_PRODUCTS_DIR)/PasswordHacker.app/PasswordHacker";
			};
			name = Debug;
		};
		530A6A0220CA3AB100CD7991 /* Release */ = {
			isa = XCBuildConfiguration;
			buildSettings = {
				ALWAYS_EMBED_SWIFT_STANDARD_LIBRARIES = YES;
				BUNDLE_LOADER = "$(TEST_HOST)";
				CODE_SIGN_STYLE = Automatic;
				INFOPLIST_FILE = PasswordHackerTests/Info.plist;
				LD_RUNPATH_SEARCH_PATHS = (
					"$(inherited)",
					"@executable_path/Frameworks",
					"@loader_path/Frameworks",
				);
				PRODUCT_BUNDLE_IDENTIFIER = com.litech.PasswordHackerTests;
				PRODUCT_NAME = "$(TARGET_NAME)";
				SWIFT_VERSION = 4.0;
				TARGETED_DEVICE_FAMILY = "1,2";
				TEST_HOST = "$(BUILT_PRODUCTS_DIR)/PasswordHacker.app/PasswordHacker";
			};
			name = Release;
		};
		530A6A0420CA3AB100CD7991 /* Debug */ = {
			isa = XCBuildConfiguration;
			buildSettings = {
				ALWAYS_EMBED_SWIFT_STANDARD_LIBRARIES = YES;
				CODE_SIGN_STYLE = Automatic;
				INFOPLIST_FILE = PasswordHackerUITests/Info.plist;
				LD_RUNPATH_SEARCH_PATHS = (
					"$(inherited)",
					"@executable_path/Frameworks",
					"@loader_path/Frameworks",
				);
				PRODUCT_BUNDLE_IDENTIFIER = com.litech.PasswordHackerUITests;
				PRODUCT_NAME = "$(TARGET_NAME)";
				SWIFT_VERSION = 4.0;
				TARGETED_DEVICE_FAMILY = "1,2";
				TEST_TARGET_NAME = PasswordHacker;
			};
			name = Debug;
		};
		530A6A0520CA3AB100CD7991 /* Release */ = {
			isa = XCBuildConfiguration;
			buildSettings = {
				ALWAYS_EMBED_SWIFT_STANDARD_LIBRARIES = YES;
				CODE_SIGN_STYLE = Automatic;
				INFOPLIST_FILE = PasswordHackerUITests/Info.plist;
				LD_RUNPATH_SEARCH_PATHS = (
					"$(inherited)",
					"@executable_path/Frameworks",
					"@loader_path/Frameworks",
				);
				PRODUCT_BUNDLE_IDENTIFIER = com.litech.PasswordHackerUITests;
				PRODUCT_NAME = "$(TARGET_NAME)";
				SWIFT_VERSION = 4.0;
				TARGETED_DEVICE_FAMILY = "1,2";
				TEST_TARGET_NAME = PasswordHacker;
			};
			name = Release;
		};
/* End XCBuildConfiguration section */

/* Begin XCConfigurationList section */
		530A69D020CA3AAA00CD7991 /* Build configuration list for PBXProject "PasswordHacker" */ = {
			isa = XCConfigurationList;
			buildConfigurations = (
				530A69FB20CA3AB100CD7991 /* Debug */,
				530A69FC20CA3AB100CD7991 /* Release */,
			);
			defaultConfigurationIsVisible = 0;
			defaultConfigurationName = Release;
		};
		530A69FD20CA3AB100CD7991 /* Build configuration list for PBXNativeTarget "PasswordHacker" */ = {
			isa = XCConfigurationList;
			buildConfigurations = (
				530A69FE20CA3AB100CD7991 /* Debug */,
				530A69FF20CA3AB100CD7991 /* Release */,
			);
			defaultConfigurationIsVisible = 0;
			defaultConfigurationName = Release;
		};
		530A6A0020CA3AB100CD7991 /* Build configuration list for PBXNativeTarget "PasswordHackerTests" */ = {
			isa = XCConfigurationList;
			buildConfigurations = (
				530A6A0120CA3AB100CD7991 /* Debug */,
				530A6A0220CA3AB100CD7991 /* Release */,
			);
			defaultConfigurationIsVisible = 0;
			defaultConfigurationName = Release;
		};
		530A6A0320CA3AB100CD7991 /* Build configuration list for PBXNativeTarget "PasswordHackerUITests" */ = {
			isa = XCConfigurationList;
			buildConfigurations = (
				530A6A0420CA3AB100CD7991 /* Debug */,
				530A6A0520CA3AB100CD7991 /* Release */,
			);
			defaultConfigurationIsVisible = 0;
			defaultConfigurationName = Release;
		};
/* End XCConfigurationList section */
	};
	rootObject = 530A69CD20CA3AAA00CD7991 /* Project object */;
}
